
Microsoft Visual Studio Solution File, Format Version 12.00
# Visual Studio Version 17
VisualStudioVersion = 17.14.36202.13 d17.14
MinimumVisualStudioVersion = 10.0.40219.1
Project("{FAE04EC0-301F-11D3-BF4B-00C04F79EFBC}") = "SeguimientoEgresados", "SeguimientoEgresados.csproj", "{B194EF5F-C440-44F9-8F89-C5371E090592}"
EndProject
Global
	GlobalSection(SolutionConfigurationPlatforms) = preSolution
		Debug|Any CPU = Debug|Any CPU
		Release|Any CPU = Release|Any CPU
	EndGlobalSection
	GlobalSection(ProjectConfigurationPlatforms) = postSolution
		{B194EF5F-C440-44F9-8F89-C5371E090592}.Debug|Any CPU.ActiveCfg = Debug|Any CPU
		{B194EF5F-C440-44F9-8F89-C5371E090592}.Debug|Any CPU.Build.0 = Debug|Any CPU
		{B194EF5F-C440-44F9-8F89-C5371E090592}.Release|Any CPU.ActiveCfg = Release|Any CPU
		{B194EF5F-C440-44F9-8F89-C5371E090592}.Release|Any CPU.Build.0 = Release|Any CPU
	EndGlobalSection
	GlobalSection(SolutionProperties) = preSolution
		HideSolutionNode = FALSE
	EndGlobalSection
	GlobalSection(ExtensibilityGlobals) = postSolution
		SolutionGuid = {F8F7917A-6FED-4D44-BBBA-5AC31D9A33E3}
	EndGlobalSection
EndGlobal
